
Microsoft Visual Studio Solution File, Format Version 12.00
# Visual Studio Version 17
VisualStudioVersion = 17.8.34330.188
MinimumVisualStudioVersion = 10.0.40219.1
Project("{9A19103F-16F7-4668-BE54-9A1E7A4F7556}") = "AdressBook", "AdressBook\AdressBook.csproj", "{C2925CCA-4069-4EDD-95F7-457FB4BC7B31}"
EndProject
Project("{FAE04EC0-301F-11D3-BF4B-00C04F79EFBC}") = "AdressBook.Tests", "AdressBook.Tests\AdressBook.Tests.csproj", "{92697192-7D34-412B-9251-3474A2D9DD38}"
EndProject
Global
	GlobalSection(SolutionConfigurationPlatforms) = preSolution
		Debug|Any CPU = Debug|Any CPU
		Release|Any CPU = Release|Any CPU
	EndGlobalSection
	GlobalSection(ProjectConfigurationPlatforms) = postSolution
		{C2925CCA-4069-4EDD-95F7-457FB4BC7B31}.Debug|Any CPU.ActiveCfg = Debug|Any CPU
		{C2925CCA-4069-4EDD-95F7-457FB4BC7B31}.Debug|Any CPU.Build.0 = Debug|Any CPU
		{C2925CCA-4069-4EDD-95F7-457FB4BC7B31}.Release|Any CPU.ActiveCfg = Release|Any CPU
		{C2925CCA-4069-4EDD-95F7-457FB4BC7B31}.Release|Any CPU.Build.0 = Release|Any CPU
		{92697192-7D34-412B-9251-3474A2D9DD38}.Debug|Any CPU.ActiveCfg = Debug|Any CPU
		{92697192-7D34-412B-9251-3474A2D9DD38}.Debug|Any CPU.Build.0 = Debug|Any CPU
		{92697192-7D34-412B-9251-3474A2D9DD38}.Release|Any CPU.ActiveCfg = Release|Any CPU
		{92697192-7D34-412B-9251-3474A2D9DD38}.Release|Any CPU.Build.0 = Release|Any CPU
	EndGlobalSection
	GlobalSection(SolutionProperties) = preSolution
		HideSolutionNode = FALSE
	EndGlobalSection
	GlobalSection(ExtensibilityGlobals) = postSolution
		SolutionGuid = {F08D1605-8AD0-4553-88A4-CF605794AFEF}
	EndGlobalSection
EndGlobal
